
Microsoft Visual Studio Solution File, Format Version 12.00
# Visual Studio Version 17
VisualStudioVersion = 17.4.33213.308
MinimumVisualStudioVersion = 10.0.40219.1
Project("{2150E333-8FDC-42A3-9474-1A3956D46DE8}") = "src", "src", "{EFC66EB7-917C-4445-87D5-CDED7A007D21}"
EndProject
Project("{2150E333-8FDC-42A3-9474-1A3956D46DE8}") = "Solution Items", "Solution Items", "{742C9E44-3C48-4570-8E25-1BF50C695BDA}"
	ProjectSection(SolutionItems) = preProject
		ServiceUrls.txt = ServiceUrls.txt
	EndProjectSection
EndProject
Project("{2150E333-8FDC-42A3-9474-1A3956D46DE8}") = "APIGateways", "APIGateways", "{CDB93709-D4DE-4C83-918F-B456FB2A4186}"
EndProject
Project("{2150E333-8FDC-42A3-9474-1A3956D46DE8}") = "BuildingBlocks", "BuildingBlocks", "{E8FCACEA-6263-4134-B3E0-5029CFD5F2EA}"
EndProject
Project("{2150E333-8FDC-42A3-9474-1A3956D46DE8}") = "Services", "Services", "{9F78A63D-BDA3-4D1E-92FE-92FD03016DED}"
EndProject
Project("{2150E333-8FDC-42A3-9474-1A3956D46DE8}") = "Clients", "Clients", "{3048DCCF-F152-4682-9C64-B13814DE5506}"
EndProject
Project("{2150E333-8FDC-42A3-9474-1A3956D46DE8}") = "WebAPIGateway", "WebAPIGateway", "{1BEF7D9E-F45A-4949-A307-273884CA2A3F}"
EndProject
Project("{9A19103F-16F7-4668-BE54-9A1E7A4F7556}") = "WebAPIGateway", "src\APIGateway\WebAPIGateway\WebAPIGateway\WebAPIGateway.csproj", "{131BE1EA-1661-47AA-8A6C-08995ECFAA2B}"
EndProject
Project("{2150E333-8FDC-42A3-9474-1A3956D46DE8}") = "EventBus", "EventBus", "{BE4DAFF6-72F8-4D5C-8E75-4DE734B606DA}"
EndProject
Project("{9A19103F-16F7-4668-BE54-9A1E7A4F7556}") = "EventBus.Base", "src\BuildingBlocks\EventBus\EventBus.Base\EventBus.Base.csproj", "{DC07B55B-6BE2-49DA-A75F-3934828A7A15}"
EndProject
Project("{9A19103F-16F7-4668-BE54-9A1E7A4F7556}") = "EventBus.Factory", "src\BuildingBlocks\EventBus\EventBus.Factory\EventBus.Factory.csproj", "{288C95EA-E2F8-4A6E-B9A3-EAA5ABA40A28}"
EndProject
Project("{9A19103F-16F7-4668-BE54-9A1E7A4F7556}") = "EventBus.RabbitMQ", "src\BuildingBlocks\EventBus\EventBus.RabbitMQ\EventBus.RabbitMQ.csproj", "{CC25ABF2-1D2E-4B92-BA87-54D46A8FA2E7}"
EndProject
Project("{2150E333-8FDC-42A3-9474-1A3956D46DE8}") = "BlazorWebApp", "BlazorWebApp", "{7B4819CE-67BF-4B75-AA02-42CEAC66E659}"
EndProject
Project("{9A19103F-16F7-4668-BE54-9A1E7A4F7556}") = "WebApp", "src\Clients\BlazorWebApp\WebApp\WebApp.csproj", "{7E46F3C9-9083-4CA1-A2FA-6932A365EC34}"
EndProject
Project("{2150E333-8FDC-42A3-9474-1A3956D46DE8}") = "BasketService", "BasketService", "{13004D20-3FF4-4F89-9232-ACDB95AD5F36}"
EndProject
Project("{9A19103F-16F7-4668-BE54-9A1E7A4F7556}") = "BasketService.API", "src\Services\BasketService\BasketService.API\BasketService.API.csproj", "{C4B25FE3-1765-4280-9839-BE3506F1C27B}"
EndProject
Project("{2150E333-8FDC-42A3-9474-1A3956D46DE8}") = "CatalogService", "CatalogService", "{EFE2AA93-E7D2-47AE-B729-1C9ABCD06E77}"
EndProject
Project("{9A19103F-16F7-4668-BE54-9A1E7A4F7556}") = "CatalogService.API", "src\Services\CatalogService\CatalogService.API\CatalogService.API.csproj", "{6631A16C-168B-4B33-9AE1-52B85A3A7F91}"
EndProject
Project("{2150E333-8FDC-42A3-9474-1A3956D46DE8}") = "IdentityService", "IdentityService", "{6F801F4A-DC2A-4C79-9890-7E0C7158BDD9}"
EndProject
Project("{9A19103F-16F7-4668-BE54-9A1E7A4F7556}") = "IdentityService.API", "src\Services\IdentityService\IdentityService.API\IdentityService.API.csproj", "{A809FAEB-029F-4684-8BCB-B82ACD9B0DF4}"
EndProject
Project("{2150E333-8FDC-42A3-9474-1A3956D46DE8}") = "NotificationService", "NotificationService", "{3AF44F9F-A1D9-482A-AE3E-06167BB7F1E6}"
EndProject
Project("{9A19103F-16F7-4668-BE54-9A1E7A4F7556}") = "NotificationService", "src\Services\NotificationService\NotificationService\NotificationService.csproj", "{C3CB95B0-5B36-4AC1-A1BB-A3E0C047D1FF}"
EndProject
Project("{2150E333-8FDC-42A3-9474-1A3956D46DE8}") = "OrderService", "OrderService", "{A718969B-38E2-41DC-B633-29B6128192E6}"
EndProject
Project("{9A19103F-16F7-4668-BE54-9A1E7A4F7556}") = "OrderService.Domain", "src\Services\OrderService\OrderService.Domain\OrderService.Domain.csproj", "{1511E659-BD12-4198-B29D-2D486FC37596}"
EndProject
Project("{9A19103F-16F7-4668-BE54-9A1E7A4F7556}") = "OrderService.Application", "src\Services\OrderService\OrderService.Application\OrderService.Application.csproj", "{3AF5A7D0-987F-4434-8EEE-023705EB50DF}"
EndProject
Project("{9A19103F-16F7-4668-BE54-9A1E7A4F7556}") = "OrderService.Infrastructure", "src\Services\OrderService\OrderService.Infrastructure\OrderService.Infrastructure.csproj", "{68CB07FA-0B6C-4193-83F1-6F481B6DB45E}"
EndProject
Project("{9A19103F-16F7-4668-BE54-9A1E7A4F7556}") = "OrderService.API", "src\Services\OrderService\OrderService.API\OrderService.API.csproj", "{40CF89A3-A0C0-47D8-9CF0-5E750F5CE73F}"
EndProject
Project("{FAE04EC0-301F-11D3-BF4B-00C04F79EFBC}") = "EventBus.AzureServiceBus", "src\BuildingBlocks\EventBus\EventBus.AzureServiceBus\EventBus.AzureServiceBus.csproj", "{A466B007-0C28-4030-B622-E88A4AAFD414}"
EndProject
Project("{2150E333-8FDC-42A3-9474-1A3956D46DE8}") = "PaymentService", "PaymentService", "{198836A7-C99F-4581-B7D3-DB48510911C1}"
EndProject
Project("{FAE04EC0-301F-11D3-BF4B-00C04F79EFBC}") = "PaymentService.API", "src\Services\PaymentService\PaymentService.API\PaymentService.API.csproj", "{A176770E-AD97-4EDB-A382-1A6D8FDD390E}"
EndProject
Global
	GlobalSection(SolutionConfigurationPlatforms) = preSolution
		Debug|Any CPU = Debug|Any CPU
		Release|Any CPU = Release|Any CPU
	EndGlobalSection
	GlobalSection(ProjectConfigurationPlatforms) = postSolution
		{131BE1EA-1661-47AA-8A6C-08995ECFAA2B}.Debug|Any CPU.ActiveCfg = Debug|Any CPU
		{131BE1EA-1661-47AA-8A6C-08995ECFAA2B}.Debug|Any CPU.Build.0 = Debug|Any CPU
		{131BE1EA-1661-47AA-8A6C-08995ECFAA2B}.Release|Any CPU.ActiveCfg = Release|Any CPU
		{131BE1EA-1661-47AA-8A6C-08995ECFAA2B}.Release|Any CPU.Build.0 = Release|Any CPU
		{DC07B55B-6BE2-49DA-A75F-3934828A7A15}.Debug|Any CPU.ActiveCfg = Debug|Any CPU
		{DC07B55B-6BE2-49DA-A75F-3934828A7A15}.Debug|Any CPU.Build.0 = Debug|Any CPU
		{DC07B55B-6BE2-49DA-A75F-3934828A7A15}.Release|Any CPU.ActiveCfg = Release|Any CPU
		{DC07B55B-6BE2-49DA-A75F-3934828A7A15}.Release|Any CPU.Build.0 = Release|Any CPU
		{288C95EA-E2F8-4A6E-B9A3-EAA5ABA40A28}.Debug|Any CPU.ActiveCfg = Debug|Any CPU
		{288C95EA-E2F8-4A6E-B9A3-EAA5ABA40A28}.Debug|Any CPU.Build.0 = Debug|Any CPU
		{288C95EA-E2F8-4A6E-B9A3-EAA5ABA40A28}.Release|Any CPU.ActiveCfg = Release|Any CPU
		{288C95EA-E2F8-4A6E-B9A3-EAA5ABA40A28}.Release|Any CPU.Build.0 = Release|Any CPU
		{CC25ABF2-1D2E-4B92-BA87-54D46A8FA2E7}.Debug|Any CPU.ActiveCfg = Debug|Any CPU
		{CC25ABF2-1D2E-4B92-BA87-54D46A8FA2E7}.Debug|Any CPU.Build.0 = Debug|Any CPU
		{CC25ABF2-1D2E-4B92-BA87-54D46A8FA2E7}.Release|Any CPU.ActiveCfg = Release|Any CPU
		{CC25ABF2-1D2E-4B92-BA87-54D46A8FA2E7}.Release|Any CPU.Build.0 = Release|Any CPU
		{7E46F3C9-9083-4CA1-A2FA-6932A365EC34}.Debug|Any CPU.ActiveCfg = Debug|Any CPU
		{7E46F3C9-9083-4CA1-A2FA-6932A365EC34}.Debug|Any CPU.Build.0 = Debug|Any CPU
		{7E46F3C9-9083-4CA1-A2FA-6932A365EC34}.Release|Any CPU.ActiveCfg = Release|Any CPU
		{7E46F3C9-9083-4CA1-A2FA-6932A365EC34}.Release|Any CPU.Build.0 = Release|Any CPU
		{C4B25FE3-1765-4280-9839-BE3506F1C27B}.Debug|Any CPU.ActiveCfg = Debug|Any CPU
		{C4B25FE3-1765-4280-9839-BE3506F1C27B}.Debug|Any CPU.Build.0 = Debug|Any CPU
		{C4B25FE3-1765-4280-9839-BE3506F1C27B}.Release|Any CPU.ActiveCfg = Release|Any CPU
		{C4B25FE3-1765-4280-9839-BE3506F1C27B}.Release|Any CPU.Build.0 = Release|Any CPU
		{6631A16C-168B-4B33-9AE1-52B85A3A7F91}.Debug|Any CPU.ActiveCfg = Debug|Any CPU
		{6631A16C-168B-4B33-9AE1-52B85A3A7F91}.Debug|Any CPU.Build.0 = Debug|Any CPU
		{6631A16C-168B-4B33-9AE1-52B85A3A7F91}.Release|Any CPU.ActiveCfg = Release|Any CPU
		{6631A16C-168B-4B33-9AE1-52B85A3A7F91}.Release|Any CPU.Build.0 = Release|Any CPU
		{A809FAEB-029F-4684-8BCB-B82ACD9B0DF4}.Debug|Any CPU.ActiveCfg = Debug|Any CPU
		{A809FAEB-029F-4684-8BCB-B82ACD9B0DF4}.Debug|Any CPU.Build.0 = Debug|Any CPU
		{A809FAEB-029F-4684-8BCB-B82ACD9B0DF4}.Release|Any CPU.ActiveCfg = Release|Any CPU
		{A809FAEB-029F-4684-8BCB-B82ACD9B0DF4}.Release|Any CPU.Build.0 = Release|Any CPU
		{C3CB95B0-5B36-4AC1-A1BB-A3E0C047D1FF}.Debug|Any CPU.ActiveCfg = Debug|Any CPU
		{C3CB95B0-5B36-4AC1-A1BB-A3E0C047D1FF}.Debug|Any CPU.Build.0 = Debug|Any CPU
		{C3CB95B0-5B36-4AC1-A1BB-A3E0C047D1FF}.Release|Any CPU.ActiveCfg = Release|Any CPU
		{C3CB95B0-5B36-4AC1-A1BB-A3E0C047D1FF}.Release|Any CPU.Build.0 = Release|Any CPU
		{1511E659-BD12-4198-B29D-2D486FC37596}.Debug|Any CPU.ActiveCfg = Debug|Any CPU
		{1511E659-BD12-4198-B29D-2D486FC37596}.Debug|Any CPU.Build.0 = Debug|Any CPU
		{1511E659-BD12-4198-B29D-2D486FC37596}.Release|Any CPU.ActiveCfg = Release|Any CPU
		{1511E659-BD12-4198-B29D-2D486FC37596}.Release|Any CPU.Build.0 = Release|Any CPU
		{3AF5A7D0-987F-4434-8EEE-023705EB50DF}.Debug|Any CPU.ActiveCfg = Debug|Any CPU
		{3AF5A7D0-987F-4434-8EEE-023705EB50DF}.Debug|Any CPU.Build.0 = Debug|Any CPU
		{3AF5A7D0-987F-4434-8EEE-023705EB50DF}.Release|Any CPU.ActiveCfg = Release|Any CPU
		{3AF5A7D0-987F-4434-8EEE-023705EB50DF}.Release|Any CPU.Build.0 = Release|Any CPU
		{68CB07FA-0B6C-4193-83F1-6F481B6DB45E}.Debug|Any CPU.ActiveCfg = Debug|Any CPU
		{68CB07FA-0B6C-4193-83F1-6F481B6DB45E}.Debug|Any CPU.Build.0 = Debug|Any CPU
		{68CB07FA-0B6C-4193-83F1-6F481B6DB45E}.Release|Any CPU.ActiveCfg = Release|Any CPU
		{68CB07FA-0B6C-4193-83F1-6F481B6DB45E}.Release|Any CPU.Build.0 = Release|Any CPU
		{40CF89A3-A0C0-47D8-9CF0-5E750F5CE73F}.Debug|Any CPU.ActiveCfg = Debug|Any CPU
		{40CF89A3-A0C0-47D8-9CF0-5E750F5CE73F}.Debug|Any CPU.Build.0 = Debug|Any CPU
		{40CF89A3-A0C0-47D8-9CF0-5E750F5CE73F}.Release|Any CPU.ActiveCfg = Release|Any CPU
		{40CF89A3-A0C0-47D8-9CF0-5E750F5CE73F}.Release|Any CPU.Build.0 = Release|Any CPU
		{A466B007-0C28-4030-B622-E88A4AAFD414}.Debug|Any CPU.ActiveCfg = Debug|Any CPU
		{A466B007-0C28-4030-B622-E88A4AAFD414}.Debug|Any CPU.Build.0 = Debug|Any CPU
		{A466B007-0C28-4030-B622-E88A4AAFD414}.Release|Any CPU.ActiveCfg = Release|Any CPU
		{A466B007-0C28-4030-B622-E88A4AAFD414}.Release|Any CPU.Build.0 = Release|Any CPU
		{A176770E-AD97-4EDB-A382-1A6D8FDD390E}.Debug|Any CPU.ActiveCfg = Debug|Any CPU
		{A176770E-AD97-4EDB-A382-1A6D8FDD390E}.Debug|Any CPU.Build.0 = Debug|Any CPU
		{A176770E-AD97-4EDB-A382-1A6D8FDD390E}.Release|Any CPU.ActiveCfg = Release|Any CPU
		{A176770E-AD97-4EDB-A382-1A6D8FDD390E}.Release|Any CPU.Build.0 = Release|Any CPU
	EndGlobalSection
	GlobalSection(SolutionProperties) = preSolution
		HideSolutionNode = FALSE
	EndGlobalSection
	GlobalSection(NestedProjects) = preSolution
		{CDB93709-D4DE-4C83-918F-B456FB2A4186} = {EFC66EB7-917C-4445-87D5-CDED7A007D21}
		{E8FCACEA-6263-4134-B3E0-5029CFD5F2EA} = {EFC66EB7-917C-4445-87D5-CDED7A007D21}
		{9F78A63D-BDA3-4D1E-92FE-92FD03016DED} = {EFC66EB7-917C-4445-87D5-CDED7A007D21}
		{3048DCCF-F152-4682-9C64-B13814DE5506} = {EFC66EB7-917C-4445-87D5-CDED7A007D21}
		{1BEF7D9E-F45A-4949-A307-273884CA2A3F} = {CDB93709-D4DE-4C83-918F-B456FB2A4186}
		{131BE1EA-1661-47AA-8A6C-08995ECFAA2B} = {1BEF7D9E-F45A-4949-A307-273884CA2A3F}
		{BE4DAFF6-72F8-4D5C-8E75-4DE734B606DA} = {E8FCACEA-6263-4134-B3E0-5029CFD5F2EA}
		{DC07B55B-6BE2-49DA-A75F-3934828A7A15} = {BE4DAFF6-72F8-4D5C-8E75-4DE734B606DA}
		{288C95EA-E2F8-4A6E-B9A3-EAA5ABA40A28} = {BE4DAFF6-72F8-4D5C-8E75-4DE734B606DA}
		{CC25ABF2-1D2E-4B92-BA87-54D46A8FA2E7} = {BE4DAFF6-72F8-4D5C-8E75-4DE734B606DA}
		{7B4819CE-67BF-4B75-AA02-42CEAC66E659} = {3048DCCF-F152-4682-9C64-B13814DE5506}
		{7E46F3C9-9083-4CA1-A2FA-6932A365EC34} = {7B4819CE-67BF-4B75-AA02-42CEAC66E659}
		{13004D20-3FF4-4F89-9232-ACDB95AD5F36} = {9F78A63D-BDA3-4D1E-92FE-92FD03016DED}
		{C4B25FE3-1765-4280-9839-BE3506F1C27B} = {13004D20-3FF4-4F89-9232-ACDB95AD5F36}
		{EFE2AA93-E7D2-47AE-B729-1C9ABCD06E77} = {9F78A63D-BDA3-4D1E-92FE-92FD03016DED}
		{6631A16C-168B-4B33-9AE1-52B85A3A7F91} = {EFE2AA93-E7D2-47AE-B729-1C9ABCD06E77}
		{6F801F4A-DC2A-4C79-9890-7E0C7158BDD9} = {9F78A63D-BDA3-4D1E-92FE-92FD03016DED}
		{A809FAEB-029F-4684-8BCB-B82ACD9B0DF4} = {6F801F4A-DC2A-4C79-9890-7E0C7158BDD9}
		{3AF44F9F-A1D9-482A-AE3E-06167BB7F1E6} = {9F78A63D-BDA3-4D1E-92FE-92FD03016DED}
		{C3CB95B0-5B36-4AC1-A1BB-A3E0C047D1FF} = {3AF44F9F-A1D9-482A-AE3E-06167BB7F1E6}
		{A718969B-38E2-41DC-B633-29B6128192E6} = {9F78A63D-BDA3-4D1E-92FE-92FD03016DED}
		{1511E659-BD12-4198-B29D-2D486FC37596} = {A718969B-38E2-41DC-B633-29B6128192E6}
		{3AF5A7D0-987F-4434-8EEE-023705EB50DF} = {A718969B-38E2-41DC-B633-29B6128192E6}
		{68CB07FA-0B6C-4193-83F1-6F481B6DB45E} = {A718969B-38E2-41DC-B633-29B6128192E6}
		{40CF89A3-A0C0-47D8-9CF0-5E750F5CE73F} = {A718969B-38E2-41DC-B633-29B6128192E6}
		{A466B007-0C28-4030-B622-E88A4AAFD414} = {BE4DAFF6-72F8-4D5C-8E75-4DE734B606DA}
		{198836A7-C99F-4581-B7D3-DB48510911C1} = {9F78A63D-BDA3-4D1E-92FE-92FD03016DED}
		{A176770E-AD97-4EDB-A382-1A6D8FDD390E} = {198836A7-C99F-4581-B7D3-DB48510911C1}
	EndGlobalSection
	GlobalSection(ExtensibilityGlobals) = postSolution
		SolutionGuid = {4E1D4C63-E9AD-448F-8FDF-70451FAB67E3}
	EndGlobalSection
EndGlobal
